
Microsoft Visual Studio Solution File, Format Version 12.00
Project("{FAE04EC0-301F-11D3-BF4B-00C04F79EFBC}") = "Problem2_1", "Problem2_1\Problem2_1.csproj", "{914891E1-E553-428E-AAC3-5EAB1759D755}"
EndProject
Global
	GlobalSection(SolutionConfigurationPlatforms) = preSolution
		Debug|Any CPU = Debug|Any CPU
		Release|Any CPU = Release|Any CPU
	EndGlobalSection
	GlobalSection(ProjectConfigurationPlatforms) = postSolution
		{914891E1-E553-428E-AAC3-5EAB1759D755}.Debug|Any CPU.ActiveCfg = Debug|Any CPU
		{914891E1-E553-428E-AAC3-5EAB1759D755}.Debug|Any CPU.Build.0 = Debug|Any CPU
		{914891E1-E553-428E-AAC3-5EAB1759D755}.Release|Any CPU.ActiveCfg = Release|Any CPU
		{914891E1-E553-428E-AAC3-5EAB1759D755}.Release|Any CPU.Build.0 = Release|Any CPU
	EndGlobalSection
EndGlobal
