
Microsoft Visual Studio Solution File, Format Version 12.00
Project("{FAE04EC0-301F-11D3-BF4B-00C04F79EFBC}") = "Problem50", "Problem50\Problem50.csproj", "{007C1CD9-D1BA-4908-93AE-1FCD45C495B8}"
EndProject
Global
	GlobalSection(SolutionConfigurationPlatforms) = preSolution
		Debug|Any CPU = Debug|Any CPU
		Release|Any CPU = Release|Any CPU
	EndGlobalSection
	GlobalSection(ProjectConfigurationPlatforms) = postSolution
		{007C1CD9-D1BA-4908-93AE-1FCD45C495B8}.Debug|Any CPU.ActiveCfg = Debug|Any CPU
		{007C1CD9-D1BA-4908-93AE-1FCD45C495B8}.Debug|Any CPU.Build.0 = Debug|Any CPU
		{007C1CD9-D1BA-4908-93AE-1FCD45C495B8}.Release|Any CPU.ActiveCfg = Release|Any CPU
		{007C1CD9-D1BA-4908-93AE-1FCD45C495B8}.Release|Any CPU.Build.0 = Release|Any CPU
	EndGlobalSection
EndGlobal
